
Microsoft Visual Studio Solution File, Format Version 12.00
# Visual Studio Version 17
VisualStudioVersion = 17.7.34221.43
MinimumVisualStudioVersion = 10.0.40219.1
Project("{9A19103F-16F7-4668-BE54-9A1E7A4F7556}") = "VeryTunnel", "VeryTunnel\VeryTunnel.csproj", "{68F033AD-6EBB-45B6-A4A7-B10E0E8F2E76}"
EndProject
Project("{9A19103F-16F7-4668-BE54-9A1E7A4F7556}") = "VeryTunnel.Server", "VeryTunnel.Server\VeryTunnel.Server.csproj", "{D0C4158C-A659-43EC-B6B8-68C908CFB118}"
EndProject
Project("{2150E333-8FDC-42A3-9474-1A3956D46DE8}") = "Samples", "Samples", "{55B372AF-EF11-46B7-AAE4-167BF3ECB6BA}"
EndProject
Project("{FAE04EC0-301F-11D3-BF4B-00C04F79EFBC}") = "VeryTunnel.Http.Server", "Samples\VeryTunnel.Http.Server\VeryTunnel.Http.Server.csproj", "{07EBD98B-3AC4-4B7E-9325-01044C3EEF19}"
EndProject
Global
	GlobalSection(SolutionConfigurationPlatforms) = preSolution
		Debug|Any CPU = Debug|Any CPU
		Release|Any CPU = Release|Any CPU
	EndGlobalSection
	GlobalSection(ProjectConfigurationPlatforms) = postSolution
		{68F033AD-6EBB-45B6-A4A7-B10E0E8F2E76}.Debug|Any CPU.ActiveCfg = Debug|Any CPU
		{68F033AD-6EBB-45B6-A4A7-B10E0E8F2E76}.Debug|Any CPU.Build.0 = Debug|Any CPU
		{68F033AD-6EBB-45B6-A4A7-B10E0E8F2E76}.Release|Any CPU.ActiveCfg = Release|Any CPU
		{68F033AD-6EBB-45B6-A4A7-B10E0E8F2E76}.Release|Any CPU.Build.0 = Release|Any CPU
		{D0C4158C-A659-43EC-B6B8-68C908CFB118}.Debug|Any CPU.ActiveCfg = Debug|Any CPU
		{D0C4158C-A659-43EC-B6B8-68C908CFB118}.Debug|Any CPU.Build.0 = Debug|Any CPU
		{D0C4158C-A659-43EC-B6B8-68C908CFB118}.Release|Any CPU.ActiveCfg = Release|Any CPU
		{D0C4158C-A659-43EC-B6B8-68C908CFB118}.Release|Any CPU.Build.0 = Release|Any CPU
		{07EBD98B-3AC4-4B7E-9325-01044C3EEF19}.Debug|Any CPU.ActiveCfg = Debug|Any CPU
		{07EBD98B-3AC4-4B7E-9325-01044C3EEF19}.Debug|Any CPU.Build.0 = Debug|Any CPU
		{07EBD98B-3AC4-4B7E-9325-01044C3EEF19}.Release|Any CPU.ActiveCfg = Release|Any CPU
		{07EBD98B-3AC4-4B7E-9325-01044C3EEF19}.Release|Any CPU.Build.0 = Release|Any CPU
	EndGlobalSection
	GlobalSection(SolutionProperties) = preSolution
		HideSolutionNode = FALSE
	EndGlobalSection
	GlobalSection(NestedProjects) = preSolution
		{07EBD98B-3AC4-4B7E-9325-01044C3EEF19} = {55B372AF-EF11-46B7-AAE4-167BF3ECB6BA}
	EndGlobalSection
	GlobalSection(ExtensibilityGlobals) = postSolution
		SolutionGuid = {C1ACD29E-11A0-4110-B423-B3C1FE1B664C}
	EndGlobalSection
EndGlobal
